
Microsoft Visual Studio Solution File, Format Version 12.00
# Visual Studio Version 17
VisualStudioVersion = 17.4.33103.184
MinimumVisualStudioVersion = 10.0.40219.1
Project("{FAE04EC0-301F-11D3-BF4B-00C04F79EFBC}") = "Usuariobuscador", "Usuariobuscador\Usuariobuscador.csproj", "{70915DA7-6A0B-4C25-8B9C-80CA1F88278C}"
EndProject
Global
	GlobalSection(SolutionConfigurationPlatforms) = preSolution
		Debug|Any CPU = Debug|Any CPU
		Release|Any CPU = Release|Any CPU
	EndGlobalSection
	GlobalSection(ProjectConfigurationPlatforms) = postSolution
		{70915DA7-6A0B-4C25-8B9C-80CA1F88278C}.Debug|Any CPU.ActiveCfg = Debug|Any CPU
		{70915DA7-6A0B-4C25-8B9C-80CA1F88278C}.Debug|Any CPU.Build.0 = Debug|Any CPU
		{70915DA7-6A0B-4C25-8B9C-80CA1F88278C}.Release|Any CPU.ActiveCfg = Release|Any CPU
		{70915DA7-6A0B-4C25-8B9C-80CA1F88278C}.Release|Any CPU.Build.0 = Release|Any CPU
	EndGlobalSection
	GlobalSection(SolutionProperties) = preSolution
		HideSolutionNode = FALSE
	EndGlobalSection
	GlobalSection(ExtensibilityGlobals) = postSolution
		SolutionGuid = {EB7F6906-D228-48DA-95DD-AF44C33337C4}
	EndGlobalSection
EndGlobal
